
Microsoft Visual Studio Solution File, Format Version 12.00
# Visual Studio 15
VisualStudioVersion = 15.0.28307.960
MinimumVisualStudioVersion = 10.0.40219.1
Project("{F2A71F9B-5D33-465A-A702-920D77279786}") = "DZzzz.Net.FSharp", "DZzzz.Net.FSharp\DZzzz.Net.FSharp.fsproj", "{342F5A66-15AE-458C-9387-99176479ECB0}"
EndProject
Global
	GlobalSection(SolutionConfigurationPlatforms) = preSolution
		Debug|Any CPU = Debug|Any CPU
		Release|Any CPU = Release|Any CPU
	EndGlobalSection
	GlobalSection(ProjectConfigurationPlatforms) = postSolution
		{342F5A66-15AE-458C-9387-99176479ECB0}.Debug|Any CPU.ActiveCfg = Debug|Any CPU
		{342F5A66-15AE-458C-9387-99176479ECB0}.Debug|Any CPU.Build.0 = Debug|Any CPU
		{342F5A66-15AE-458C-9387-99176479ECB0}.Release|Any CPU.ActiveCfg = Release|Any CPU
		{342F5A66-15AE-458C-9387-99176479ECB0}.Release|Any CPU.Build.0 = Release|Any CPU
	EndGlobalSection
	GlobalSection(SolutionProperties) = preSolution
		HideSolutionNode = FALSE
	EndGlobalSection
	GlobalSection(ExtensibilityGlobals) = postSolution
		SolutionGuid = {42C79CFB-0BF2-4950-BB7D-F644101DD648}
	EndGlobalSection
EndGlobal
